
Microsoft Visual Studio Solution File, Format Version 12.00
# Visual Studio Version 17
VisualStudioVersion = 17.10.35013.160
MinimumVisualStudioVersion = 10.0.40219.1
Project("{FAE04EC0-301F-11D3-BF4B-00C04F79EFBC}") = "DesafioBiblioteca", "DesafioBiblioteca.csproj", "{4AB24B3F-8EA7-46AC-B4FB-EB7B2EA0E528}"
EndProject
Global
	GlobalSection(SolutionConfigurationPlatforms) = preSolution
		Debug|Any CPU = Debug|Any CPU
		Release|Any CPU = Release|Any CPU
	EndGlobalSection
	GlobalSection(ProjectConfigurationPlatforms) = postSolution
		{4AB24B3F-8EA7-46AC-B4FB-EB7B2EA0E528}.Debug|Any CPU.ActiveCfg = Debug|Any CPU
		{4AB24B3F-8EA7-46AC-B4FB-EB7B2EA0E528}.Debug|Any CPU.Build.0 = Debug|Any CPU
		{4AB24B3F-8EA7-46AC-B4FB-EB7B2EA0E528}.Release|Any CPU.ActiveCfg = Release|Any CPU
		{4AB24B3F-8EA7-46AC-B4FB-EB7B2EA0E528}.Release|Any CPU.Build.0 = Release|Any CPU
	EndGlobalSection
	GlobalSection(SolutionProperties) = preSolution
		HideSolutionNode = FALSE
	EndGlobalSection
	GlobalSection(ExtensibilityGlobals) = postSolution
		SolutionGuid = {81EA2458-19AC-4CFD-9EC4-603A0647F9DB}
	EndGlobalSection
EndGlobal
